
Microsoft Visual Studio Solution File, Format Version 12.00
# Visual Studio 15
Project("{FAE04EC0-301F-11D3-BF4B-00C04F79EFBC}") = "LaserTagTestProject", "LaserTagTestProject.csproj", "{0D1C7CAF-2E74-0A81-55D7-233F2AEFFD68}"
EndProject
Global
	GlobalSection(SolutionConfigurationPlatforms) = preSolution
		Debug|Any CPU = Debug|Any CPU
		Release|Any CPU = Release|Any CPU
	EndGlobalSection
	GlobalSection(ProjectConfigurationPlatforms) = postSolution
		{0D1C7CAF-2E74-0A81-55D7-233F2AEFFD68}.Debug|Any CPU.ActiveCfg = Debug|Any CPU
		{0D1C7CAF-2E74-0A81-55D7-233F2AEFFD68}.Debug|Any CPU.Build.0 = Debug|Any CPU
		{0D1C7CAF-2E74-0A81-55D7-233F2AEFFD68}.Release|Any CPU.ActiveCfg = Release|Any CPU
		{0D1C7CAF-2E74-0A81-55D7-233F2AEFFD68}.Release|Any CPU.Build.0 = Release|Any CPU
	EndGlobalSection
	GlobalSection(SolutionProperties) = preSolution
		HideSolutionNode = FALSE
	EndGlobalSection
EndGlobal
